// !$*UTF8*$!
{
	archiveVersion = 1;
	classes = {
	};
	objectVersion = 77;
	objects = {

/* Begin PBXContainerItemProxy section */
		25885DD52DD6CAD300A7D7BC /* PBXContainerItemProxy */ = {
			isa = PBXContainerItemProxy;
			containerPortal = 25885DB72DD6CAD100A7D7BC /* Project object */;
			proxyType = 1;
			remoteGlobalIDString = 25885DBE2DD6CAD100A7D7BC;
			remoteInfo = LPTVSeries;
		};
		25885DDF2DD6CAD300A7D7BC /* PBXContainerItemProxy */ = {
			isa = PBXContainerItemProxy;
			containerPortal = 25885DB72DD6CAD100A7D7BC /* Project object */;
			proxyType = 1;
			remoteGlobalIDString = 25885DBE2DD6CAD100A7D7BC;
			remoteInfo = LPTVSeries;
		};
/* End PBXContainerItemProxy section */

/* Begin PBXFileReference section */
		25885DBF2DD6CAD100A7D7BC /* LPTVSeries.app */ = {isa = PBXFileReference; explicitFileType = wrapper.application; includeInIndex = 0; path = LPTVSeries.app; sourceTree = BUILT_PRODUCTS_DIR; };
		25885DD42DD6CAD300A7D7BC /* LPTVSeriesTests.xctest */ = {isa = PBXFileReference; explicitFileType = wrapper.cfbundle; includeInIndex = 0; path = LPTVSeriesTests.xctest; sourceTree = BUILT_PRODUCTS_DIR; };
		25885DDE2DD6CAD300A7D7BC /* LPTVSeriesUITests.xctest */ = {isa = PBXFileReference; explicitFileType = wrapper.cfbundle; includeInIndex = 0; path = LPTVSeriesUITests.xctest; sourceTree = BUILT_PRODUCTS_DIR; };
		25885E8A2DD7900A00A7D7BC /* LPTVSeries.xctestplan */ = {isa = PBXFileReference; lastKnownFileType = text; path = LPTVSeries.xctestplan; sourceTree = "<group>"; };
/* End PBXFileReference section */

/* Begin PBXFileSystemSynchronizedRootGroup section */
		25885DC12DD6CAD100A7D7BC /* LPTVSeries */ = {
			isa = PBXFileSystemSynchronizedRootGroup;
			path = LPTVSeries;
			sourceTree = "<group>";
		};
		25885DE12DD6CAD300A7D7BC /* LPTVSeriesUITests */ = {
			isa = PBXFileSystemSynchronizedRootGroup;
			path = LPTVSeriesUITests;
			sourceTree = "<group>";
		};
		25885E812DD78F7D00A7D7BC /* LPTVSeriesTests */ = {
			isa = PBXFileSystemSynchronizedRootGroup;
			path = LPTVSeriesTests;
			sourceTree = "<group>";
		};
/* End PBXFileSystemSynchronizedRootGroup section */

/* Begin PBXFrameworksBuildPhase section */
		25885DBC2DD6CAD100A7D7BC /* Frameworks */ = {
			isa = PBXFrameworksBuildPhase;
			buildActionMask = 2147483647;
			files = (
			);
			runOnlyForDeploymentPostprocessing = 0;
		};
		25885DD12DD6CAD300A7D7BC /* Frameworks */ = {
			isa = PBXFrameworksBuildPhase;
			buildActionMask = 2147483647;
			files = (
			);
			runOnlyForDeploymentPostprocessing = 0;
		};
		25885DDB2DD6CAD300A7D7BC /* Frameworks */ = {
			isa = PBXFrameworksBuildPhase;
			buildActionMask = 2147483647;
			files = (
			);
			runOnlyForDeploymentPostprocessing = 0;
		};
/* End PBXFrameworksBuildPhase section */

/* Begin PBXGroup section */
		25885DB62DD6CAD100A7D7BC = {
			isa = PBXGroup;
			children = (
				25885E8A2DD7900A00A7D7BC /* LPTVSeries.xctestplan */,
				25885DC12DD6CAD100A7D7BC /* LPTVSeries */,
				25885E812DD78F7D00A7D7BC /* LPTVSeriesTests */,
				25885DE12DD6CAD300A7D7BC /* LPTVSeriesUITests */,
				25885DC02DD6CAD100A7D7BC /* Products */,
			);
			sourceTree = "<group>";
		};
		25885DC02DD6CAD100A7D7BC /* Products */ = {
			isa = PBXGroup;
			children = (
				25885DBF2DD6CAD100A7D7BC /* LPTVSeries.app */,
				25885DD42DD6CAD300A7D7BC /* LPTVSeriesTests.xctest */,
				25885DDE2DD6CAD300A7D7BC /* LPTVSeriesUITests.xctest */,
			);
			name = Products;
			sourceTree = "<group>";
		};
/* End PBXGroup section */

/* Begin PBXNativeTarget section */
		25885DBE2DD6CAD100A7D7BC /* LPTVSeries */ = {
			isa = PBXNativeTarget;
			buildConfigurationList = 25885DE82DD6CAD300A7D7BC /* Build configuration list for PBXNativeTarget "LPTVSeries" */;
			buildPhases = (
				25885DBB2DD6CAD100A7D7BC /* Sources */,
				25885DBC2DD6CAD100A7D7BC /* Frameworks */,
				25885DBD2DD6CAD100A7D7BC /* Resources */,
			);
			buildRules = (
			);
			dependencies = (
			);
			fileSystemSynchronizedGroups = (
				25885DC12DD6CAD100A7D7BC /* LPTVSeries */,
			);
			name = LPTVSeries;
			packageProductDependencies = (
			);
			productName = LPTVSeries;
			productReference = 25885DBF2DD6CAD100A7D7BC /* LPTVSeries.app */;
			productType = "com.apple.product-type.application";
		};
		25885DD32DD6CAD300A7D7BC /* LPTVSeriesTests */ = {
			isa = PBXNativeTarget;
			buildConfigurationList = 25885DEB2DD6CAD300A7D7BC /* Build configuration list for PBXNativeTarget "LPTVSeriesTests" */;
			buildPhases = (
				25885DD02DD6CAD300A7D7BC /* Sources */,
				25885DD12DD6CAD300A7D7BC /* Frameworks */,
				25885DD22DD6CAD300A7D7BC /* Resources */,
			);
			buildRules = (
			);
			dependencies = (
				25885DD62DD6CAD300A7D7BC /* PBXTargetDependency */,
			);
			fileSystemSynchronizedGroups = (
				25885E812DD78F7D00A7D7BC /* LPTVSeriesTests */,
			);
			name = LPTVSeriesTests;
			packageProductDependencies = (
			);
			productName = LPTVSeriesTests;
			productReference = 25885DD42DD6CAD300A7D7BC /* LPTVSeriesTests.xctest */;
			productType = "com.apple.product-type.bundle.unit-test";
		};
		25885DDD2DD6CAD300A7D7BC /* LPTVSeriesUITests */ = {
			isa = PBXNativeTarget;
			buildConfigurationList = 25885DEE2DD6CAD300A7D7BC /* Build configuration list for PBXNativeTarget "LPTVSeriesUITests" */;
			buildPhases = (
				25885DDA2DD6CAD300A7D7BC /* Sources */,
				25885DDB2DD6CAD300A7D7BC /* Frameworks */,
				25885DDC2DD6CAD300A7D7BC /* Resources */,
			);
			buildRules = (
			);
			dependencies = (
				25885DE02DD6CAD300A7D7BC /* PBXTargetDependency */,
			);
			fileSystemSynchronizedGroups = (
				25885DE12DD6CAD300A7D7BC /* LPTVSeriesUITests */,
			);
			name = LPTVSeriesUITests;
			packageProductDependencies = (
			);
			productName = LPTVSeriesUITests;
			productReference = 25885DDE2DD6CAD300A7D7BC /* LPTVSeriesUITests.xctest */;
			productType = "com.apple.product-type.bundle.ui-testing";
		};
/* End PBXNativeTarget section */

/* Begin PBXProject section */
		25885DB72DD6CAD100A7D7BC /* Project object */ = {
			isa = PBXProject;
			attributes = {
				BuildIndependentTargetsInParallel = 1;
				LastSwiftUpdateCheck = 1620;
				LastUpgradeCheck = 1620;
				TargetAttributes = {
					25885DBE2DD6CAD100A7D7BC = {
						CreatedOnToolsVersion = 16.2;
					};
					25885DD32DD6CAD300A7D7BC = {
						CreatedOnToolsVersion = 16.2;
						TestTargetID = 25885DBE2DD6CAD100A7D7BC;
					};
					25885DDD2DD6CAD300A7D7BC = {
						CreatedOnToolsVersion = 16.2;
						TestTargetID = 25885DBE2DD6CAD100A7D7BC;
					};
				};
			};
			buildConfigurationList = 25885DBA2DD6CAD100A7D7BC /* Build configuration list for PBXProject "LPTVSeries" */;
			developmentRegion = en;
			hasScannedForEncodings = 0;
			knownRegions = (
				en,
				Base,
			);
			mainGroup = 25885DB62DD6CAD100A7D7BC;
			minimizedProjectReferenceProxies = 1;
			preferredProjectObjectVersion = 77;
			productRefGroup = 25885DC02DD6CAD100A7D7BC /* Products */;
			projectDirPath = "";
			projectRoot = "";
			targets = (
				25885DBE2DD6CAD100A7D7BC /* LPTVSeries */,
				25885DD32DD6CAD300A7D7BC /* LPTVSeriesTests */,
				25885DDD2DD6CAD300A7D7BC /* LPTVSeriesUITests */,
			);
		};
/* End PBXProject section */

/* Begin PBXResourcesBuildPhase section */
		25885DBD2DD6CAD100A7D7BC /* Resources */ = {
			isa = PBXResourcesBuildPhase;
			buildActionMask = 2147483647;
			files = (
			);
			runOnlyForDeploymentPostprocessing = 0;
		};
		25885DD22DD6CAD300A7D7BC /* Resources */ = {
			isa = PBXResourcesBuildPhase;
			buildActionMask = 2147483647;
			files = (
			);
			runOnlyForDeploymentPostprocessing = 0;
		};
		25885DDC2DD6CAD300A7D7BC /* Resources */ = {
			isa = PBXResourcesBuildPhase;
			buildActionMask = 2147483647;
			files = (
			);
			runOnlyForDeploymentPostprocessing = 0;
		};
/* End PBXResourcesBuildPhase section */

/* Begin PBXSourcesBuildPhase section */
		25885DBB2DD6CAD100A7D7BC /* Sources */ = {
			isa = PBXSourcesBuildPhase;
			buildActionMask = 2147483647;
			files = (
			);
			runOnlyForDeploymentPostprocessing = 0;
		};
		25885DD02DD6CAD300A7D7BC /* Sources */ = {
			isa = PBXSourcesBuildPhase;
			buildActionMask = 2147483647;
			files = (
			);
			runOnlyForDeploymentPostprocessing = 0;
		};
		25885DDA2DD6CAD300A7D7BC /* Sources */ = {
			isa = PBXSourcesBuildPhase;
			buildActionMask = 2147483647;
			files = (
			);
			runOnlyForDeploymentPostprocessing = 0;
		};
/* End PBXSourcesBuildPhase section */

/* Begin PBXTargetDependency section */
		25885DD62DD6CAD300A7D7BC /* PBXTargetDependency */ = {
			isa = PBXTargetDependency;
			target = 25885DBE2DD6CAD100A7D7BC /* LPTVSeries */;
			targetProxy = 25885DD52DD6CAD300A7D7BC /* PBXContainerItemProxy */;
		};
		25885DE02DD6CAD300A7D7BC /* PBXTargetDependency */ = {
			isa = PBXTargetDependency;
			target = 25885DBE2DD6CAD100A7D7BC /* LPTVSeries */;
			targetProxy = 25885DDF2DD6CAD300A7D7BC /* PBXContainerItemProxy */;
		};
/* End PBXTargetDependency section */

/* Begin XCBuildConfiguration section */
		25885DE62DD6CAD300A7D7BC /* Debug */ = {
			isa = XCBuildConfiguration;
			buildSettings = {
				ALWAYS_SEARCH_USER_PATHS = NO;
				ASSETCATALOG_COMPILER_GENERATE_SWIFT_ASSET_SYMBOL_EXTENSIONS = YES;
				CLANG_ANALYZER_NONNULL = YES;
				CLANG_ANALYZER_NUMBER_OBJECT_CONVERSION = YES_AGGRESSIVE;
				CLANG_CXX_LANGUAGE_STANDARD = "gnu++20";
				CLANG_ENABLE_MODULES = YES;
				CLANG_ENABLE_OBJC_ARC = YES;
				CLANG_ENABLE_OBJC_WEAK = YES;
				CLANG_WARN_BLOCK_CAPTURE_AUTORELEASING = YES;
				CLANG_WARN_BOOL_CONVERSION = YES;
				CLANG_WARN_COMMA = YES;
				CLANG_WARN_CONSTANT_CONVERSION = YES;
				CLANG_WARN_DEPRECATED_OBJC_IMPLEMENTATIONS = YES;
				CLANG_WARN_DIRECT_OBJC_ISA_USAGE = YES_ERROR;
				CLANG_WARN_DOCUMENTATION_COMMENTS = YES;
				CLANG_WARN_EMPTY_BODY = YES;
				CLANG_WARN_ENUM_CONVERSION = YES;
				CLANG_WARN_INFINITE_RECURSION = YES;
				CLANG_WARN_INT_CONVERSION = YES;
				CLANG_WARN_NON_LITERAL_NULL_CONVERSION = YES;
				CLANG_WARN_OBJC_IMPLICIT_RETAIN_SELF = YES;
				CLANG_WARN_OBJC_LITERAL_CONVERSION = YES;
				CLANG_WARN_OBJC_ROOT_CLASS = YES_ERROR;
				CLANG_WARN_QUOTED_INCLUDE_IN_FRAMEWORK_HEADER = YES;
				CLANG_WARN_RANGE_LOOP_ANALYSIS = YES;
				CLANG_WARN_STRICT_PROTOTYPES = YES;
				CLANG_WARN_SUSPICIOUS_MOVE = YES;
				CLANG_WARN_UNGUARDED_AVAILABILITY = YES_AGGRESSIVE;
				CLANG_WARN_UNREACHABLE_CODE = YES;
				CLANG_WARN__DUPLICATE_METHOD_MATCH = YES;
				COPY_PHASE_STRIP = NO;
				DEBUG_INFORMATION_FORMAT = dwarf;
				ENABLE_STRICT_OBJC_MSGSEND = YES;
				ENABLE_TESTABILITY = YES;
				ENABLE_USER_SCRIPT_SANDBOXING = YES;
				GCC_C_LANGUAGE_STANDARD = gnu17;
				GCC_DYNAMIC_NO_PIC = NO;
				GCC_NO_COMMON_BLOCKS = YES;
				GCC_OPTIMIZATION_LEVEL = 0;
				GCC_PREPROCESSOR_DEFINITIONS = (
					"DEBUG=1",
					"$(inherited)",
				);
				GCC_WARN_64_TO_32_BIT_CONVERSION = YES;
				GCC_WARN_ABOUT_RETURN_TYPE = YES_ERROR;
				GCC_WARN_UNDECLARED_SELECTOR = YES;
				GCC_WARN_UNINITIALIZED_AUTOS = YES_AGGRESSIVE;
				GCC_WARN_UNUSED_FUNCTION = YES;
				GCC_WARN_UNUSED_VARIABLE = YES;
				IPHONEOS_DEPLOYMENT_TARGET = 18.2;
				LOCALIZATION_PREFERS_STRING_CATALOGS = YES;
				MTL_ENABLE_DEBUG_INFO = INCLUDE_SOURCE;
				MTL_FAST_MATH = YES;
				ONLY_ACTIVE_ARCH = YES;
				SDKROOT = iphoneos;
				SWIFT_ACTIVE_COMPILATION_CONDITIONS = "DEBUG $(inherited)";
				SWIFT_OPTIMIZATION_LEVEL = "-Onone";
			};
			name = Debug;
		};
		25885DE72DD6CAD300A7D7BC /* Release */ = {
			isa = XCBuildConfiguration;
			buildSettings = {
				ALWAYS_SEARCH_USER_PATHS = NO;
				ASSETCATALOG_COMPILER_GENERATE_SWIFT_ASSET_SYMBOL_EXTENSIONS = YES;
				CLANG_ANALYZER_NONNULL = YES;
				CLANG_ANALYZER_NUMBER_OBJECT_CONVERSION = YES_AGGRESSIVE;
				CLANG_CXX_LANGUAGE_STANDARD = "gnu++20";
				CLANG_ENABLE_MODULES = YES;
				CLANG_ENABLE_OBJC_ARC = YES;
				CLANG_ENABLE_OBJC_WEAK = YES;
				CLANG_WARN_BLOCK_CAPTURE_AUTORELEASING = YES;
				CLANG_WARN_BOOL_CONVERSION = YES;
				CLANG_WARN_COMMA = YES;
				CLANG_WARN_CONSTANT_CONVERSION = YES;
				CLANG_WARN_DEPRECATED_OBJC_IMPLEMENTATIONS = YES;
				CLANG_WARN_DIRECT_OBJC_ISA_USAGE = YES_ERROR;
				CLANG_WARN_DOCUMENTATION_COMMENTS = YES;
				CLANG_WARN_EMPTY_BODY = YES;
				CLANG_WARN_ENUM_CONVERSION = YES;
				CLANG_WARN_INFINITE_RECURSION = YES;
				CLANG_WARN_INT_CONVERSION = YES;
				CLANG_WARN_NON_LITERAL_NULL_CONVERSION = YES;
				CLANG_WARN_OBJC_IMPLICIT_RETAIN_SELF = YES;
				CLANG_WARN_OBJC_LITERAL_CONVERSION = YES;
				CLANG_WARN_OBJC_ROOT_CLASS = YES_ERROR;
				CLANG_WARN_QUOTED_INCLUDE_IN_FRAMEWORK_HEADER = YES;
				CLANG_WARN_RANGE_LOOP_ANALYSIS = YES;
				CLANG_WARN_STRICT_PROTOTYPES = YES;
				CLANG_WARN_SUSPICIOUS_MOVE = YES;
				CLANG_WARN_UNGUARDED_AVAILABILITY = YES_AGGRESSIVE;
				CLANG_WARN_UNREACHABLE_CODE = YES;
				CLANG_WARN__DUPLICATE_METHOD_MATCH = YES;
				COPY_PHASE_STRIP = NO;
				DEBUG_INFORMATION_FORMAT = "dwarf-with-dsym";
				ENABLE_NS_ASSERTIONS = NO;
				ENABLE_STRICT_OBJC_MSGSEND = YES;
				ENABLE_USER_SCRIPT_SANDBOXING = YES;
				GCC_C_LANGUAGE_STANDARD = gnu17;
				GCC_NO_COMMON_BLOCKS = YES;
				GCC_WARN_64_TO_32_BIT_CONVERSION = YES;
				GCC_WARN_ABOUT_RETURN_TYPE = YES_ERROR;
				GCC_WARN_UNDECLARED_SELECTOR = YES;
				GCC_WARN_UNINITIALIZED_AUTOS = YES_AGGRESSIVE;
				GCC_WARN_UNUSED_FUNCTION = YES;
				GCC_WARN_UNUSED_VARIABLE = YES;
				IPHONEOS_DEPLOYMENT_TARGET = 18.2;
				LOCALIZATION_PREFERS_STRING_CATALOGS = YES;
				MTL_ENABLE_DEBUG_INFO = NO;
				MTL_FAST_MATH = YES;
				SDKROOT = iphoneos;
				SWIFT_COMPILATION_MODE = wholemodule;
				VALIDATE_PRODUCT = YES;
			};
			name = Release;
		};
		25885DE92DD6CAD300A7D7BC /* Debug */ = {
			isa = XCBuildConfiguration;
			buildSettings = {
				ASSETCATALOG_COMPILER_APPICON_NAME = AppIcon;
				ASSETCATALOG_COMPILER_GLOBAL_ACCENT_COLOR_NAME = AccentColor;
				CODE_SIGN_STYLE = Automatic;
				CURRENT_PROJECT_VERSION = 1;
				DEVELOPMENT_ASSET_PATHS = "\"LPTVSeries/Preview Content\"";
				DEVELOPMENT_TEAM = 454Q49F5R3;
				ENABLE_PREVIEWS = YES;
				GENERATE_INFOPLIST_FILE = YES;
				INFOPLIST_KEY_NSFaceIDUsageDescription = "We need to Biometrics to restrict your app from others";
				INFOPLIST_KEY_UIApplicationSceneManifest_Generation = YES;
				INFOPLIST_KEY_UIApplicationSupportsIndirectInputEvents = YES;
				INFOPLIST_KEY_UILaunchScreen_Generation = YES;
				INFOPLIST_KEY_UISupportedInterfaceOrientations_iPad = "UIInterfaceOrientationPortrait UIInterfaceOrientationPortraitUpsideDown UIInterfaceOrientationLandscapeLeft UIInterfaceOrientationLandscapeRight";
				INFOPLIST_KEY_UISupportedInterfaceOrientations_iPhone = "UIInterfaceOrientationPortrait UIInterfaceOrientationLandscapeLeft UIInterfaceOrientationLandscapeRight";
				IPHONEOS_DEPLOYMENT_TARGET = 17.5;
				LD_RUNPATH_SEARCH_PATHS = (
					"$(inherited)",
					"@executable_path/Frameworks",
				);
				MARKETING_VERSION = 1.0;
				PRODUCT_BUNDLE_IDENTIFIER = com.demo.LPTVSeries;
				PRODUCT_NAME = "$(TARGET_NAME)";
				SWIFT_EMIT_LOC_STRINGS = YES;
				SWIFT_VERSION = 5.0;
				TARGETED_DEVICE_FAMILY = "1,2";
			};
			name = Debug;
		};
		25885DEA2DD6CAD300A7D7BC /* Release */ = {
			isa = XCBuildConfiguration;
			buildSettings = {
				ASSETCATALOG_COMPILER_APPICON_NAME = AppIcon;
				ASSETCATALOG_COMPILER_GLOBAL_ACCENT_COLOR_NAME = AccentColor;
				CODE_SIGN_STYLE = Automatic;
				CURRENT_PROJECT_VERSION = 1;
				DEVELOPMENT_ASSET_PATHS = "\"LPTVSeries/Preview Content\"";
				DEVELOPMENT_TEAM = 454Q49F5R3;
				ENABLE_PREVIEWS = YES;
				GENERATE_INFOPLIST_FILE = YES;
				INFOPLIST_KEY_NSFaceIDUsageDescription = "We need to Biometrics to restrict your app from others";
				INFOPLIST_KEY_UIApplicationSceneManifest_Generation = YES;
				INFOPLIST_KEY_UIApplicationSupportsIndirectInputEvents = YES;
				INFOPLIST_KEY_UILaunchScreen_Generation = YES;
				INFOPLIST_KEY_UISupportedInterfaceOrientations_iPad = "UIInterfaceOrientationPortrait UIInterfaceOrientationPortraitUpsideDown UIInterfaceOrientationLandscapeLeft UIInterfaceOrientationLandscapeRight";
				INFOPLIST_KEY_UISupportedInterfaceOrientations_iPhone = "UIInterfaceOrientationPortrait UIInterfaceOrientationLandscapeLeft UIInterfaceOrientationLandscapeRight";
				IPHONEOS_DEPLOYMENT_TARGET = 17.5;
				LD_RUNPATH_SEARCH_PATHS = (
					"$(inherited)",
					"@executable_path/Frameworks",
				);
				MARKETING_VERSION = 1.0;
				PRODUCT_BUNDLE_IDENTIFIER = com.demo.LPTVSeries;
				PRODUCT_NAME = "$(TARGET_NAME)";
				SWIFT_EMIT_LOC_STRINGS = YES;
				SWIFT_VERSION = 5.0;
				TARGETED_DEVICE_FAMILY = "1,2";
			};
			name = Release;
		};
		25885DEC2DD6CAD300A7D7BC /* Debug */ = {
			isa = XCBuildConfiguration;
			buildSettings = {
				BUNDLE_LOADER = "$(TEST_HOST)";
				CODE_SIGN_STYLE = Automatic;
				CURRENT_PROJECT_VERSION = 1;
				DEVELOPMENT_TEAM = 454Q49F5R3;
				GENERATE_INFOPLIST_FILE = YES;
				IPHONEOS_DEPLOYMENT_TARGET = 17.5;
				MARKETING_VERSION = 1.0;
				PRODUCT_BUNDLE_IDENTIFIER = com.demo.LPTVSeriesTests;
				PRODUCT_NAME = "$(TARGET_NAME)";
				SWIFT_EMIT_LOC_STRINGS = NO;
				SWIFT_VERSION = 5.0;
				TARGETED_DEVICE_FAMILY = "1,2";
				TEST_HOST = "$(BUILT_PRODUCTS_DIR)/LPTVSeries.app/$(BUNDLE_EXECUTABLE_FOLDER_PATH)/LPTVSeries";
			};
			name = Debug;
		};
		25885DED2DD6CAD300A7D7BC /* Release */ = {
			isa = XCBuildConfiguration;
			buildSettings = {
				BUNDLE_LOADER = "$(TEST_HOST)";
				CODE_SIGN_STYLE = Automatic;
				CURRENT_PROJECT_VERSION = 1;
				DEVELOPMENT_TEAM = 454Q49F5R3;
				GENERATE_INFOPLIST_FILE = YES;
				IPHONEOS_DEPLOYMENT_TARGET = 17.5;
				MARKETING_VERSION = 1.0;
				PRODUCT_BUNDLE_IDENTIFIER = com.demo.LPTVSeriesTests;
				PRODUCT_NAME = "$(TARGET_NAME)";
				SWIFT_EMIT_LOC_STRINGS = NO;
				SWIFT_VERSION = 5.0;
				TARGETED_DEVICE_FAMILY = "1,2";
				TEST_HOST = "$(BUILT_PRODUCTS_DIR)/LPTVSeries.app/$(BUNDLE_EXECUTABLE_FOLDER_PATH)/LPTVSeries";
			};
			name = Release;
		};
		25885DEF2DD6CAD300A7D7BC /* Debug */ = {
			isa = XCBuildConfiguration;
			buildSettings = {
				CODE_SIGN_STYLE = Automatic;
				CURRENT_PROJECT_VERSION = 1;
				DEVELOPMENT_TEAM = 454Q49F5R3;
				GENERATE_INFOPLIST_FILE = YES;
				IPHONEOS_DEPLOYMENT_TARGET = 17.5;
				MARKETING_VERSION = 1.0;
				PRODUCT_BUNDLE_IDENTIFIER = com.demo.LPTVSeriesUITests;
				PRODUCT_NAME = "$(TARGET_NAME)";
				SWIFT_EMIT_LOC_STRINGS = NO;
				SWIFT_VERSION = 5.0;
				TARGETED_DEVICE_FAMILY = "1,2";
				TEST_TARGET_NAME = LPTVSeries;
			};
			name = Debug;
		};
		25885DF02DD6CAD300A7D7BC /* Release */ = {
			isa = XCBuildConfiguration;
			buildSettings = {
				CODE_SIGN_STYLE = Automatic;
				CURRENT_PROJECT_VERSION = 1;
				DEVELOPMENT_TEAM = 454Q49F5R3;
				GENERATE_INFOPLIST_FILE = YES;
				IPHONEOS_DEPLOYMENT_TARGET = 17.5;
				MARKETING_VERSION = 1.0;
				PRODUCT_BUNDLE_IDENTIFIER = com.demo.LPTVSeriesUITests;
				PRODUCT_NAME = "$(TARGET_NAME)";
				SWIFT_EMIT_LOC_STRINGS = NO;
				SWIFT_VERSION = 5.0;
				TARGETED_DEVICE_FAMILY = "1,2";
				TEST_TARGET_NAME = LPTVSeries;
			};
			name = Release;
		};
/* End XCBuildConfiguration section */

/* Begin XCConfigurationList section */
		25885DBA2DD6CAD100A7D7BC /* Build configuration list for PBXProject "LPTVSeries" */ = {
			isa = XCConfigurationList;
			buildConfigurations = (
				25885DE62DD6CAD300A7D7BC /* Debug */,
				25885DE72DD6CAD300A7D7BC /* Release */,
			);
			defaultConfigurationIsVisible = 0;
			defaultConfigurationName = Release;
		};
		25885DE82DD6CAD300A7D7BC /* Build configuration list for PBXNativeTarget "LPTVSeries" */ = {
			isa = XCConfigurationList;
			buildConfigurations = (
				25885DE92DD6CAD300A7D7BC /* Debug */,
				25885DEA2DD6CAD300A7D7BC /* Release */,
			);
			defaultConfigurationIsVisible = 0;
			defaultConfigurationName = Release;
		};
		25885DEB2DD6CAD300A7D7BC /* Build configuration list for PBXNativeTarget "LPTVSeriesTests" */ = {
			isa = XCConfigurationList;
			buildConfigurations = (
				25885DEC2DD6CAD300A7D7BC /* Debug */,
				25885DED2DD6CAD300A7D7BC /* Release */,
			);
			defaultConfigurationIsVisible = 0;
			defaultConfigurationName = Release;
		};
		25885DEE2DD6CAD300A7D7BC /* Build configuration list for PBXNativeTarget "LPTVSeriesUITests" */ = {
			isa = XCConfigurationList;
			buildConfigurations = (
				25885DEF2DD6CAD300A7D7BC /* Debug */,
				25885DF02DD6CAD300A7D7BC /* Release */,
			);
			defaultConfigurationIsVisible = 0;
			defaultConfigurationName = Release;
		};
/* End XCConfigurationList section */
	};
	rootObject = 25885DB72DD6CAD100A7D7BC /* Project object */;
}
